<?xml version="1.0" encoding="utf-8"?>
<Project ToolsVersion="4.0" xmlns="http://schemas.microsoft.com/developer/msbuild/2003">
  <ItemGroup>
    <Filter Include="Source Files">
      <UniqueIdentifier>{4FC737F1-C7A5-4376-A066-2A32D752A2FF}</UniqueIdentifier>
      <Extensions>cpp;c;cc;cxx;def;odl;idl;hpj;bat;asm;asmx</Extensions>
    </Filter>
    <Filter Include="Header Files">
      <UniqueIdentifier>{93995380-89BD-4b04-88EB-625FBE52EBFB}</UniqueIdentifier>
      <Extensions>h;hh;hpp;hxx;hm;inl;inc;xsd</Extensions>
    </Filter>
    <Filter Include="Resource Files">
      <UniqueIdentifier>{67DA6AB6-F800-4c08-8B7A-83BB121AAD01}</UniqueIdentifier>
      <Extensions>rc;ico;cur;bmp;dlg;rc2;rct;bin;rgs;gif;jpg;jpeg;jpe;resx;tiff;tif;png;wav</Extensions>
    </Filter>
  </ItemGroup>
  <ItemGroup>
    <ClCompile Include="heli_adolc.cpp">
      <Filter>Source Files</Filter>
    </ClCompile>
    <ClCompile Include="heli_adolc_test.cpp">
      <Filter>Source Files</Filter>
    </ClCompile>
    <ClCompile Include="cmake-build-debug\cmakefiles\feature_tests.cxx">
      <Filter>Source Files</Filter>
    </ClCompile>
    <ClCompile Include="cmake-build-debug\cmakefiles\feature_tests.c">
      <Filter>Source Files</Filter>
    </ClCompile>
    <ClCompile Include="cmake-build-debug\cmakefiles\3.14.3\compileridc\CMakeCCompilerId.c">
      <Filter>Source Files</Filter>
    </ClCompile>
    <ClCompile Include="cmake-build-debug\cmakefiles\3.14.3\compileridcxx\CMakeCXXCompilerId.cpp">
      <Filter>Source Files</Filter>
    </ClCompile>
  </ItemGroup>
  <ItemGroup>
    <ClInclude Include="heli_adolc.h">
      <Filter>Header Files</Filter>
    </ClInclude>
    <ClInclude Include="include\adolc\adalloc.h">
      <Filter>Header Files</Filter>
    </ClInclude>
    <ClInclude Include="include\adolc\adolc.h">
      <Filter>Header Files</Filter>
    </ClInclude>
    <ClInclude Include="include\adolc\adolc_openmp.h">
      <Filter>Header Files</Filter>
    </ClInclude>
    <ClInclude Include="include\adolc\adolc_sparse.h">
      <Filter>Header Files</Filter>
    </ClInclude>
    <ClInclude Include="include\adolc\adouble.h">
      <Filter>Header Files</Filter>
    </ClInclude>
    <ClInclude Include="include\adolc\adoublecuda.h">
      <Filter>Header Files</Filter>
    </ClInclude>
    <ClInclude Include="include\adolc\adtl.h">
      <Filter>Header Files</Filter>
    </ClInclude>
    <ClInclude Include="include\adolc\adutils.h">
      <Filter>Header Files</Filter>
    </ClInclude>
    <ClInclude Include="include\adolc\adutilsc.h">
      <Filter>Header Files</Filter>
    </ClInclude>
    <ClInclude Include="include\adolc\advector.h">
      <Filter>Header Files</Filter>
    </ClInclude>
    <ClInclude Include="include\adolc\checkpointing.h">
      <Filter>Header Files</Filter>
    </ClInclude>
    <ClInclude Include="include\adolc\convolut.h">
      <Filter>Header Files</Filter>
    </ClInclude>
    <ClInclude Include="include\adolc\externfcts.h">
      <Filter>Header Files</Filter>
    </ClInclude>
    <ClInclude Include="include\adolc\externfcts2.h">
      <Filter>Header Files</Filter>
    </ClInclude>
    <ClInclude Include="include\adolc\fixpoint.h">
      <Filter>Header Files</Filter>
    </ClInclude>
    <ClInclude Include="include\adolc\fortutils.h">
      <Filter>Header Files</Filter>
    </ClInclude>
    <ClInclude Include="include\adolc\interfaces.h">
      <Filter>Header Files</Filter>
    </ClInclude>
    <ClInclude Include="include\adolc\param.h">
      <Filter>Header Files</Filter>
    </ClInclude>
    <ClInclude Include="include\adolc\revolve.h">
      <Filter>Header Files</Filter>
    </ClInclude>
    <ClInclude Include="include\adolc\taping.h">
      <Filter>Header Files</Filter>
    </ClInclude>
    <ClInclude Include="include\adolc\drivers\drivers.h">
      <Filter>Header Files</Filter>
    </ClInclude>
    <ClInclude Include="include\adolc\drivers\odedrivers.h">
      <Filter>Header Files</Filter>
    </ClInclude>
    <ClInclude Include="include\adolc\drivers\psdrivers.h">
      <Filter>Header Files</Filter>
    </ClInclude>
    <ClInclude Include="include\adolc\drivers\taylor.h">
      <Filter>Header Files</Filter>
    </ClInclude>
    <ClInclude Include="include\adolc\internal\adolc_settings.h">
      <Filter>Header Files</Filter>
    </ClInclude>
    <ClInclude Include="include\adolc\internal\adubfunc.h">
      <Filter>Header Files</Filter>
    </ClInclude>
    <ClInclude Include="include\adolc\internal\common.h">
      <Filter>Header Files</Filter>
    </ClInclude>
    <ClInclude Include="include\adolc\internal\paramfunc.h">
      <Filter>Header Files</Filter>
    </ClInclude>
    <ClInclude Include="include\adolc\internal\usrparms.h">
      <Filter>Header Files</Filter>
    </ClInclude>
    <ClInclude Include="include\adolc\lie\drivers.h">
      <Filter>Header Files</Filter>
    </ClInclude>
    <ClInclude Include="include\adolc\tapedoc\tapedoc.h">
      <Filter>Header Files</Filter>
    </ClInclude>
  </ItemGroup>
  <ItemGroup>
    <None Include="cmake-build-debug\cmakefiles\feature_tests.bin">
      <Filter>Resource Files</Filter>
    </None>
    <None Include="cmake-build-debug\cmakefiles\3.14.3\CMakeDetermineCompilerABI_C.bin">
      <Filter>Resource Files</Filter>
    </None>
    <None Include="cmake-build-debug\cmakefiles\3.14.3\CMakeDetermineCompilerABI_CXX.bin">
      <Filter>Resource Files</Filter>
    </None>
    <None Include="cmake-build-debug\cmakefiles\heli_adolc.dir\CXX.includecache" />
    <None Include="cmake-build-debug\cmakefiles\heli_adolc_test.dir\CXX.includecache" />
  </ItemGroup>
  <ItemGroup>
    <ResourceCompile Include="cmake-build-debug\cmakefiles\heli_adolc_test.dir\manifest.rc">
      <Filter>Resource Files</Filter>
    </ResourceCompile>
  </ItemGroup>
</Project>